<?xml version="1.0" encoding="utf-8"?>
<Project ToolsVersion="4.0" xmlns="http://schemas.microsoft.com/developer/msbuild/2003">
  <ItemGroup>
    <Filter Include="Source Files">
      <UniqueIdentifier>{4FC737F1-C7A5-4376-A066-2A32D752A2FF}</UniqueIdentifier>
      <Extensions>cpp;c;cc;cxx;def;odl;idl;hpj;bat;asm;asmx</Extensions>
    </Filter>
    <Filter Include="Header Files">
      <UniqueIdentifier>{93995380-89BD-4b04-88EB-625FBE52EBFB}</UniqueIdentifier>
      <Extensions>h;hh;hpp;hxx;hm;inl;inc;xsd</Extensions>
    </Filter>
    <Filter Include="Resource Files">
      <UniqueIdentifier>{67DA6AB6-F800-4c08-8B7A-83BB121AAD01}</UniqueIdentifier>
      <Extensions>rc;ico;cur;bmp;dlg;rc2;rct;bin;rgs;gif;jpg;jpeg;jpe;resx;tiff;tif;png;wav;mfcribbon-ms</Extensions>
    </Filter>
    <Filter Include="Header Files\Shape">
      <UniqueIdentifier>{d334a56d-5f08-4d9d-b2ab-38da58bdf112}</UniqueIdentifier>
    </Filter>
    <Filter Include="Source Files\Shape">
      <UniqueIdentifier>{0afabf1e-0830-4c9b-9d0a-83dd11520d7b}</UniqueIdentifier>
    </Filter>
    <Filter Include="Source Files\ShapeFactory">
      <UniqueIdentifier>{e1cb0128-77ce-450a-81cd-002047756741}</UniqueIdentifier>
    </Filter>
    <Filter Include="Header Files\ShapeFactory">
      <UniqueIdentifier>{8bc6b84a-1cce-421b-a9f7-e7eca4b202b0}</UniqueIdentifier>
    </Filter>
  </ItemGroup>
  <ItemGroup>
    <Text Include="ReadMe.txt" />
  </ItemGroup>
  <ItemGroup>
    <ClInclude Include="stdafx.h">
      <Filter>Header Files</Filter>
    </ClInclude>
    <ClInclude Include="targetver.h">
      <Filter>Header Files</Filter>
    </ClInclude>
    <ClInclude Include="Circle.h">
      <Filter>Header Files\Shape</Filter>
    </ClInclude>
    <ClInclude Include="Rectangle.h">
      <Filter>Header Files\Shape</Filter>
    </ClInclude>
    <ClInclude Include="Triangle.h">
      <Filter>Header Files\Shape</Filter>
    </ClInclude>
    <ClInclude Include="CircleFactorySingleton.h">
      <Filter>Header Files\ShapeFactory</Filter>
    </ClInclude>
    <ClInclude Include="RectangleFactorySingleton.h">
      <Filter>Header Files\ShapeFactory</Filter>
    </ClInclude>
    <ClInclude Include="AbstractShape.h">
      <Filter>Header Files\Shape</Filter>
    </ClInclude>
    <ClInclude Include="TriangleFactorySingleton.h">
      <Filter>Header Files\ShapeFactory</Filter>
    </ClInclude>
    <ClInclude Include="ShapeSimpleFactory.h">
      <Filter>Header Files\ShapeFactory</Filter>
    </ClInclude>
    <ClInclude Include="FileHandler.h">
      <Filter>Header Files</Filter>
    </ClInclude>
    <ClInclude Include="Point.h">
      <Filter>Header Files</Filter>
    </ClInclude>
  </ItemGroup>
  <ItemGroup>
    <ClCompile Include="stdafx.cpp">
      <Filter>Source Files</Filter>
    </ClCompile>
    <ClCompile Include="main.cpp">
      <Filter>Source Files</Filter>
    </ClCompile>
    <ClCompile Include="Circle.cpp">
      <Filter>Source Files\Shape</Filter>
    </ClCompile>
    <ClCompile Include="Rectangle.cpp">
      <Filter>Source Files\Shape</Filter>
    </ClCompile>
    <ClCompile Include="Triangle.cpp">
      <Filter>Source Files\Shape</Filter>
    </ClCompile>
    <ClCompile Include="CircleFactorySingleton.cpp">
      <Filter>Source Files\ShapeFactory</Filter>
    </ClCompile>
    <ClCompile Include="RectangleFactorySingleton.cpp">
      <Filter>Source Files\ShapeFactory</Filter>
    </ClCompile>
    <ClCompile Include="AbstractShape.cpp">
      <Filter>Source Files\Shape</Filter>
    </ClCompile>
    <ClCompile Include="ShapeSimpleFactory.cpp">
      <Filter>Source Files\ShapeFactory</Filter>
    </ClCompile>
    <ClCompile Include="FileHandler.cpp">
      <Filter>Source Files</Filter>
    </ClCompile>
    <ClCompile Include="TriangleFactorySingleton.cpp">
      <Filter>Source Files\ShapeFactory</Filter>
    </ClCompile>
  </ItemGroup>
</Project>